// !$*UTF8*$!
{
	archiveVersion = 1;
	classes = {
	};
	objectVersion = 46;
	objects = {

/* Begin PBXBuildFile section */
		AF004BE717A9CC25002B3C8F /* settings.png in Resources */ = {isa = PBXBuildFile; fileRef = AF004BE617A9CC25002B3C8F /* settings.png */; };
		AF004BEB17A9DF0B002B3C8F /* user.png in Resources */ = {isa = PBXBuildFile; fileRef = AF004BEA17A9DF0B002B3C8F /* user.png */; };
		AF004BED17A9E025002B3C8F /* user_highlight.png in Resources */ = {isa = PBXBuildFile; fileRef = AF004BEC17A9E025002B3C8F /* user_highlight.png */; };
		AF004BEF17AA7368002B3C8F /* startMarker.png in Resources */ = {isa = PBXBuildFile; fileRef = AF004BEE17AA7368002B3C8F /* startMarker.png */; };
		AF08F2A017A9B5C800DBF02A /* UIKit.framework in Frameworks */ = {isa = PBXBuildFile; fileRef = AF08F29F17A9B5C800DBF02A /* UIKit.framework */; };
		AF08F2A217A9B5C800DBF02A /* Foundation.framework in Frameworks */ = {isa = PBXBuildFile; fileRef = AF08F2A117A9B5C800DBF02A /* Foundation.framework */; };
		AF08F2A417A9B5C800DBF02A /* CoreGraphics.framework in Frameworks */ = {isa = PBXBuildFile; fileRef = AF08F2A317A9B5C800DBF02A /* CoreGraphics.framework */; };
		AF08F2AA17A9B5C800DBF02A /* InfoPlist.strings in Resources */ = {isa = PBXBuildFile; fileRef = AF08F2A817A9B5C800DBF02A /* InfoPlist.strings */; };
		AF08F2AC17A9B5C800DBF02A /* main.m in Sources */ = {isa = PBXBuildFile; fileRef = AF08F2AB17A9B5C800DBF02A /* main.m */; };
		AF08F2B017A9B5C800DBF02A /* AppDelegate.m in Sources */ = {isa = PBXBuildFile; fileRef = AF08F2AF17A9B5C800DBF02A /* AppDelegate.m */; };
		AF08F2B217A9B5C800DBF02A /* Default.png in Resources */ = {isa = PBXBuildFile; fileRef = AF08F2B117A9B5C800DBF02A /* Default.png */; };
		AF08F2B417A9B5C800DBF02A /* Default@2x.png in Resources */ = {isa = PBXBuildFile; fileRef = AF08F2B317A9B5C800DBF02A /* Default@2x.png */; };
		AF08F2B617A9B5C800DBF02A /* Default-568h@2x.png in Resources */ = {isa = PBXBuildFile; fileRef = AF08F2B517A9B5C800DBF02A /* Default-568h@2x.png */; };
		AF08F2B917A9B5C800DBF02A /* ViewController.m in Sources */ = {isa = PBXBuildFile; fileRef = AF08F2B817A9B5C800DBF02A /* ViewController.m */; };
		AF08F2BC17A9B5C800DBF02A /* ViewController.xib in Resources */ = {isa = PBXBuildFile; fileRef = AF08F2BA17A9B5C800DBF02A /* ViewController.xib */; };
		AF08F2C417A9B5C800DBF02A /* SenTestingKit.framework in Frameworks */ = {isa = PBXBuildFile; fileRef = AF08F2C317A9B5C800DBF02A /* SenTestingKit.framework */; };
		AF08F2C517A9B5C800DBF02A /* UIKit.framework in Frameworks */ = {isa = PBXBuildFile; fileRef = AF08F29F17A9B5C800DBF02A /* UIKit.framework */; };
		AF08F2C617A9B5C800DBF02A /* Foundation.framework in Frameworks */ = {isa = PBXBuildFile; fileRef = AF08F2A117A9B5C800DBF02A /* Foundation.framework */; };
		AF08F2CE17A9B5C900DBF02A /* InfoPlist.strings in Resources */ = {isa = PBXBuildFile; fileRef = AF08F2CC17A9B5C800DBF02A /* InfoPlist.strings */; };
		AF08F2D117A9B5C900DBF02A /* MapViewsTests.m in Sources */ = {isa = PBXBuildFile; fileRef = AF08F2D017A9B5C900DBF02A /* MapViewsTests.m */; };
		AF08F2DD17A9B6DE00DBF02A /* GoogleMaps.framework in Frameworks */ = {isa = PBXBuildFile; fileRef = AF08F2DC17A9B6DE00DBF02A /* GoogleMaps.framework */; };
		AF08F2DF17A9B73400DBF02A /* GoogleMaps.bundle in Resources */ = {isa = PBXBuildFile; fileRef = AF08F2DE17A9B73400DBF02A /* GoogleMaps.bundle */; };
		AF08F2E117A9B76700DBF02A /* AVFoundation.framework in Frameworks */ = {isa = PBXBuildFile; fileRef = AF08F2E017A9B76700DBF02A /* AVFoundation.framework */; };
		AF08F2E317A9B76D00DBF02A /* CoreData.framework in Frameworks */ = {isa = PBXBuildFile; fileRef = AF08F2E217A9B76D00DBF02A /* CoreData.framework */; };
		AF08F2E517A9B77300DBF02A /* CoreLocation.framework in Frameworks */ = {isa = PBXBuildFile; fileRef = AF08F2E417A9B77300DBF02A /* CoreLocation.framework */; };
		AF08F2E717A9B77A00DBF02A /* CoreText.framework in Frameworks */ = {isa = PBXBuildFile; fileRef = AF08F2E617A9B77A00DBF02A /* CoreText.framework */; };
		AF08F2E917A9B78200DBF02A /* GLKit.framework in Frameworks */ = {isa = PBXBuildFile; fileRef = AF08F2E817A9B78200DBF02A /* GLKit.framework */; };
		AF08F2EB17A9B78800DBF02A /* ImageIO.framework in Frameworks */ = {isa = PBXBuildFile; fileRef = AF08F2EA17A9B78700DBF02A /* ImageIO.framework */; };
		AF08F2ED17A9B79900DBF02A /* libc++.dylib in Frameworks */ = {isa = PBXBuildFile; fileRef = AF08F2EC17A9B79900DBF02A /* libc++.dylib */; };
		AF08F2EF17A9B7B100DBF02A /* libicucore.dylib in Frameworks */ = {isa = PBXBuildFile; fileRef = AF08F2EE17A9B7B100DBF02A /* libicucore.dylib */; };
		AF08F2F117A9B7CF00DBF02A /* libz.dylib in Frameworks */ = {isa = PBXBuildFile; fileRef = AF08F2F017A9B7CF00DBF02A /* libz.dylib */; };
		AF08F2F317A9B7DE00DBF02A /* OpenGLES.framework in Frameworks */ = {isa = PBXBuildFile; fileRef = AF08F2F217A9B7DE00DBF02A /* OpenGLES.framework */; };
		AF08F2F517A9B7E500DBF02A /* QuartzCore.framework in Frameworks */ = {isa = PBXBuildFile; fileRef = AF08F2F417A9B7E500DBF02A /* QuartzCore.framework */; };
		AF08F2F717A9B7EF00DBF02A /* SystemConfiguration.framework in Frameworks */ = {isa = PBXBuildFile; fileRef = AF08F2F617A9B7EF00DBF02A /* SystemConfiguration.framework */; };
		AFB7773B17AAE97F009D5A65 /* power.png in Resources */ = {isa = PBXBuildFile; fileRef = AFB7773A17AAE97F009D5A65 /* power.png */; };
		AFD494B917AD4873004D5FF6 /* NotificationStoryBoard.storyboard in Resources */ = {isa = PBXBuildFile; fileRef = AFD494B817AD4873004D5FF6 /* NotificationStoryBoard.storyboard */; };
		AFD4953A17AD4C5A004D5FF6 /* MasterViewController.m in Sources */ = {isa = PBXBuildFile; fileRef = AFD4953117AD4C5A004D5FF6 /* MasterViewController.m */; };
		AFD4953B17AD4C5A004D5FF6 /* DetailViewController.m in Sources */ = {isa = PBXBuildFile; fileRef = AFD4953217AD4C5A004D5FF6 /* DetailViewController.m */; };
		AFD4953C17AD4C5A004D5FF6 /* Notification.m in Sources */ = {isa = PBXBuildFile; fileRef = AFD4953317AD4C5A004D5FF6 /* Notification.m */; };
		AFD4953D17AD4C5A004D5FF6 /* NotificationsDataController.m in Sources */ = {isa = PBXBuildFile; fileRef = AFD4953717AD4C5A004D5FF6 /* NotificationsDataController.m */; };
		AFD4953E17AD4C5A004D5FF6 /* NSString+WebService.m in Sources */ = {isa = PBXBuildFile; fileRef = AFD4953917AD4C5A004D5FF6 /* NSString+WebService.m */; };
		AFD4954717AD50FE004D5FF6 /* iOSRequest.m in Sources */ = {isa = PBXBuildFile; fileRef = AFD4954517AD50FE004D5FF6 /* iOSRequest.m */; };
/* End PBXBuildFile section */

/* Begin PBXContainerItemProxy section */
		AF08F2C717A9B5C800DBF02A /* PBXContainerItemProxy */ = {
			isa = PBXContainerItemProxy;
			containerPortal = AF08F29417A9B5C800DBF02A /* Project object */;
			proxyType = 1;
			remoteGlobalIDString = AF08F29B17A9B5C800DBF02A;
			remoteInfo = MapViews;
		};
/* End PBXContainerItemProxy section */

/* Begin PBXFileReference section */
		AF004BE617A9CC25002B3C8F /* settings.png */ = {isa = PBXFileReference; lastKnownFileType = image.png; path = settings.png; sourceTree = "<group>"; };
		AF004BEA17A9DF0B002B3C8F /* user.png */ = {isa = PBXFileReference; lastKnownFileType = image.png; path = user.png; sourceTree = "<group>"; };
		AF004BEC17A9E025002B3C8F /* user_highlight.png */ = {isa = PBXFileReference; lastKnownFileType = image.png; path = user_highlight.png; sourceTree = "<group>"; };
		AF004BEE17AA7368002B3C8F /* startMarker.png */ = {isa = PBXFileReference; lastKnownFileType = image.png; path = startMarker.png; sourceTree = "<group>"; };
		AF08F29C17A9B5C800DBF02A /* MapViews.app */ = {isa = PBXFileReference; explicitFileType = wrapper.application; includeInIndex = 0; path = MapViews.app; sourceTree = BUILT_PRODUCTS_DIR; };
		AF08F29F17A9B5C800DBF02A /* UIKit.framework */ = {isa = PBXFileReference; lastKnownFileType = wrapper.framework; name = UIKit.framework; path = System/Library/Frameworks/UIKit.framework; sourceTree = SDKROOT; };
		AF08F2A117A9B5C800DBF02A /* Foundation.framework */ = {isa = PBXFileReference; lastKnownFileType = wrapper.framework; name = Foundation.framework; path = System/Library/Frameworks/Foundation.framework; sourceTree = SDKROOT; };
		AF08F2A317A9B5C800DBF02A /* CoreGraphics.framework */ = {isa = PBXFileReference; lastKnownFileType = wrapper.framework; name = CoreGraphics.framework; path = System/Library/Frameworks/CoreGraphics.framework; sourceTree = SDKROOT; };
		AF08F2A717A9B5C800DBF02A /* MapViews-Info.plist */ = {isa = PBXFileReference; lastKnownFileType = text.plist.xml; path = "MapViews-Info.plist"; sourceTree = "<group>"; };
		AF08F2A917A9B5C800DBF02A /* en */ = {isa = PBXFileReference; lastKnownFileType = text.plist.strings; name = en; path = en.lproj/InfoPlist.strings; sourceTree = "<group>"; };
		AF08F2AB17A9B5C800DBF02A /* main.m */ = {isa = PBXFileReference; lastKnownFileType = sourcecode.c.objc; path = main.m; sourceTree = "<group>"; };
		AF08F2AD17A9B5C800DBF02A /* MapViews-Prefix.pch */ = {isa = PBXFileReference; lastKnownFileType = sourcecode.c.h; path = "MapViews-Prefix.pch"; sourceTree = "<group>"; };
		AF08F2AE17A9B5C800DBF02A /* AppDelegate.h */ = {isa = PBXFileReference; lastKnownFileType = sourcecode.c.h; path = AppDelegate.h; sourceTree = "<group>"; };
		AF08F2AF17A9B5C800DBF02A /* AppDelegate.m */ = {isa = PBXFileReference; lastKnownFileType = sourcecode.c.objc; path = AppDelegate.m; sourceTree = "<group>"; };
		AF08F2B117A9B5C800DBF02A /* Default.png */ = {isa = PBXFileReference; lastKnownFileType = image.png; path = Default.png; sourceTree = "<group>"; };
		AF08F2B317A9B5C800DBF02A /* Default@2x.png */ = {isa = PBXFileReference; lastKnownFileType = image.png; path = "Default@2x.png"; sourceTree = "<group>"; };
		AF08F2B517A9B5C800DBF02A /* Default-568h@2x.png */ = {isa = PBXFileReference; lastKnownFileType = image.png; path = "Default-568h@2x.png"; sourceTree = "<group>"; };
		AF08F2B717A9B5C800DBF02A /* ViewController.h */ = {isa = PBXFileReference; lastKnownFileType = sourcecode.c.h; path = ViewController.h; sourceTree = "<group>"; };
		AF08F2B817A9B5C800DBF02A /* ViewController.m */ = {isa = PBXFileReference; lastKnownFileType = sourcecode.c.objc; path = ViewController.m; sourceTree = "<group>"; };
		AF08F2BB17A9B5C800DBF02A /* en */ = {isa = PBXFileReference; lastKnownFileType = file.xib; name = en; path = en.lproj/ViewController.xib; sourceTree = "<group>"; };
		AF08F2C217A9B5C800DBF02A /* MapViewsTests.octest */ = {isa = PBXFileReference; explicitFileType = wrapper.cfbundle; includeInIndex = 0; path = MapViewsTests.octest; sourceTree = BUILT_PRODUCTS_DIR; };
		AF08F2C317A9B5C800DBF02A /* SenTestingKit.framework */ = {isa = PBXFileReference; lastKnownFileType = wrapper.framework; name = SenTestingKit.framework; path = Library/Frameworks/SenTestingKit.framework; sourceTree = DEVELOPER_DIR; };
		AF08F2CB17A9B5C800DBF02A /* MapViewsTests-Info.plist */ = {isa = PBXFileReference; lastKnownFileType = text.plist.xml; path = "MapViewsTests-Info.plist"; sourceTree = "<group>"; };
		AF08F2CD17A9B5C800DBF02A /* en */ = {isa = PBXFileReference; lastKnownFileType = text.plist.strings; name = en; path = en.lproj/InfoPlist.strings; sourceTree = "<group>"; };
		AF08F2CF17A9B5C900DBF02A /* MapViewsTests.h */ = {isa = PBXFileReference; lastKnownFileType = sourcecode.c.h; path = MapViewsTests.h; sourceTree = "<group>"; };
		AF08F2D017A9B5C900DBF02A /* MapViewsTests.m */ = {isa = PBXFileReference; lastKnownFileType = sourcecode.c.objc; path = MapViewsTests.m; sourceTree = "<group>"; };
		AF08F2DC17A9B6DE00DBF02A /* GoogleMaps.framework */ = {isa = PBXFileReference; lastKnownFileType = wrapper.framework; path = GoogleMaps.framework; sourceTree = "<group>"; };
		AF08F2DE17A9B73400DBF02A /* GoogleMaps.bundle */ = {isa = PBXFileReference; lastKnownFileType = "wrapper.plug-in"; name = GoogleMaps.bundle; path = GoogleMaps.framework/Versions/A/Resources/GoogleMaps.bundle; sourceTree = "<group>"; };
		AF08F2E017A9B76700DBF02A /* AVFoundation.framework */ = {isa = PBXFileReference; lastKnownFileType = wrapper.framework; name = AVFoundation.framework; path = System/Library/Frameworks/AVFoundation.framework; sourceTree = SDKROOT; };
		AF08F2E217A9B76D00DBF02A /* CoreData.framework */ = {isa = PBXFileReference; lastKnownFileType = wrapper.framework; name = CoreData.framework; path = System/Library/Frameworks/CoreData.framework; sourceTree = SDKROOT; };
		AF08F2E417A9B77300DBF02A /* CoreLocation.framework */ = {isa = PBXFileReference; lastKnownFileType = wrapper.framework; name = CoreLocation.framework; path = System/Library/Frameworks/CoreLocation.framework; sourceTree = SDKROOT; };
		AF08F2E617A9B77A00DBF02A /* CoreText.framework */ = {isa = PBXFileReference; lastKnownFileType = wrapper.framework; name = CoreText.framework; path = System/Library/Frameworks/CoreText.framework; sourceTree = SDKROOT; };
		AF08F2E817A9B78200DBF02A /* GLKit.framework */ = {isa = PBXFileReference; lastKnownFileType = wrapper.framework; name = GLKit.framework; path = System/Library/Frameworks/GLKit.framework; sourceTree = SDKROOT; };
		AF08F2EA17A9B78700DBF02A /* ImageIO.framework */ = {isa = PBXFileReference; lastKnownFileType = wrapper.framework; name = ImageIO.framework; path = System/Library/Frameworks/ImageIO.framework; sourceTree = SDKROOT; };
		AF08F2EC17A9B79900DBF02A /* libc++.dylib */ = {isa = PBXFileReference; lastKnownFileType = "compiled.mach-o.dylib"; name = "libc++.dylib"; path = "usr/lib/libc++.dylib"; sourceTree = SDKROOT; };
		AF08F2EE17A9B7B100DBF02A /* libicucore.dylib */ = {isa = PBXFileReference; lastKnownFileType = "compiled.mach-o.dylib"; name = libicucore.dylib; path = usr/lib/libicucore.dylib; sourceTree = SDKROOT; };
		AF08F2F017A9B7CF00DBF02A /* libz.dylib */ = {isa = PBXFileReference; lastKnownFileType = "compiled.mach-o.dylib"; name = libz.dylib; path = usr/lib/libz.dylib; sourceTree = SDKROOT; };
		AF08F2F217A9B7DE00DBF02A /* OpenGLES.framework */ = {isa = PBXFileReference; lastKnownFileType = wrapper.framework; name = OpenGLES.framework; path = System/Library/Frameworks/OpenGLES.framework; sourceTree = SDKROOT; };
		AF08F2F417A9B7E500DBF02A /* QuartzCore.framework */ = {isa = PBXFileReference; lastKnownFileType = wrapper.framework; name = QuartzCore.framework; path = System/Library/Frameworks/QuartzCore.framework; sourceTree = SDKROOT; };
		AF08F2F617A9B7EF00DBF02A /* SystemConfiguration.framework */ = {isa = PBXFileReference; lastKnownFileType = wrapper.framework; name = SystemConfiguration.framework; path = System/Library/Frameworks/SystemConfiguration.framework; sourceTree = SDKROOT; };
		AFB7773A17AAE97F009D5A65 /* power.png */ = {isa = PBXFileReference; lastKnownFileType = image.png; path = power.png; sourceTree = "<group>"; };
		AFD494B817AD4873004D5FF6 /* NotificationStoryBoard.storyboard */ = {isa = PBXFileReference; fileEncoding = 4; lastKnownFileType = file.storyboard; name = NotificationStoryBoard.storyboard; path = ../NotificationStoryBoard.storyboard; sourceTree = "<group>"; };
		AFD4953017AD4C5A004D5FF6 /* DetailViewController.h */ = {isa = PBXFileReference; fileEncoding = 4; lastKnownFileType = sourcecode.c.h; path = DetailViewController.h; sourceTree = "<group>"; };
		AFD4953117AD4C5A004D5FF6 /* MasterViewController.m */ = {isa = PBXFileReference; fileEncoding = 4; lastKnownFileType = sourcecode.c.objc; path = MasterViewController.m; sourceTree = "<group>"; };
		AFD4953217AD4C5A004D5FF6 /* DetailViewController.m */ = {isa = PBXFileReference; fileEncoding = 4; lastKnownFileType = sourcecode.c.objc; path = DetailViewController.m; sourceTree = "<group>"; };
		AFD4953317AD4C5A004D5FF6 /* Notification.m */ = {isa = PBXFileReference; fileEncoding = 4; lastKnownFileType = sourcecode.c.objc; path = Notification.m; sourceTree = "<group>"; };
		AFD4953417AD4C5A004D5FF6 /* MasterViewController.h */ = {isa = PBXFileReference; fileEncoding = 4; lastKnownFileType = sourcecode.c.h; path = MasterViewController.h; sourceTree = "<group>"; };
		AFD4953517AD4C5A004D5FF6 /* Notification.h */ = {isa = PBXFileReference; fileEncoding = 4; lastKnownFileType = sourcecode.c.h; path = Notification.h; sourceTree = "<group>"; };
		AFD4953617AD4C5A004D5FF6 /* NotificationsDataController.h */ = {isa = PBXFileReference; fileEncoding = 4; lastKnownFileType = sourcecode.c.h; path = NotificationsDataController.h; sourceTree = "<group>"; };
		AFD4953717AD4C5A004D5FF6 /* NotificationsDataController.m */ = {isa = PBXFileReference; fileEncoding = 4; lastKnownFileType = sourcecode.c.objc; path = NotificationsDataController.m; sourceTree = "<group>"; };
		AFD4953817AD4C5A004D5FF6 /* NSString+WebService.h */ = {isa = PBXFileReference; fileEncoding = 4; lastKnownFileType = sourcecode.c.h; path = "NSString+WebService.h"; sourceTree = "<group>"; };
		AFD4953917AD4C5A004D5FF6 /* NSString+WebService.m */ = {isa = PBXFileReference; fileEncoding = 4; lastKnownFileType = sourcecode.c.objc; path = "NSString+WebService.m"; sourceTree = "<group>"; };
		AFD4954517AD50FE004D5FF6 /* iOSRequest.m */ = {isa = PBXFileReference; fileEncoding = 4; lastKnownFileType = sourcecode.c.objc; path = iOSRequest.m; sourceTree = "<group>"; };
		AFD4954617AD50FE004D5FF6 /* iOSRequest.h */ = {isa = PBXFileReference; fileEncoding = 4; lastKnownFileType = sourcecode.c.h; path = iOSRequest.h; sourceTree = "<group>"; };
/* End PBXFileReference section */

/* Begin PBXFrameworksBuildPhase section */
		AF08F29917A9B5C800DBF02A /* Frameworks */ = {
			isa = PBXFrameworksBuildPhase;
			buildActionMask = 2147483647;
			files = (
				AF08F2F717A9B7EF00DBF02A /* SystemConfiguration.framework in Frameworks */,
				AF08F2F517A9B7E500DBF02A /* QuartzCore.framework in Frameworks */,
				AF08F2F317A9B7DE00DBF02A /* OpenGLES.framework in Frameworks */,
				AF08F2F117A9B7CF00DBF02A /* libz.dylib in Frameworks */,
				AF08F2EF17A9B7B100DBF02A /* libicucore.dylib in Frameworks */,
				AF08F2ED17A9B79900DBF02A /* libc++.dylib in Frameworks */,
				AF08F2EB17A9B78800DBF02A /* ImageIO.framework in Frameworks */,
				AF08F2E917A9B78200DBF02A /* GLKit.framework in Frameworks */,
				AF08F2E717A9B77A00DBF02A /* CoreText.framework in Frameworks */,
				AF08F2E517A9B77300DBF02A /* CoreLocation.framework in Frameworks */,
				AF08F2E317A9B76D00DBF02A /* CoreData.framework in Frameworks */,
				AF08F2E117A9B76700DBF02A /* AVFoundation.framework in Frameworks */,
				AF08F2A017A9B5C800DBF02A /* UIKit.framework in Frameworks */,
				AF08F2A217A9B5C800DBF02A /* Foundation.framework in Frameworks */,
				AF08F2A417A9B5C800DBF02A /* CoreGraphics.framework in Frameworks */,
				AF08F2DD17A9B6DE00DBF02A /* GoogleMaps.framework in Frameworks */,
			);
			runOnlyForDeploymentPostprocessing = 0;
		};
		AF08F2BE17A9B5C800DBF02A /* Frameworks */ = {
			isa = PBXFrameworksBuildPhase;
			buildActionMask = 2147483647;
			files = (
				AF08F2C417A9B5C800DBF02A /* SenTestingKit.framework in Frameworks */,
				AF08F2C517A9B5C800DBF02A /* UIKit.framework in Frameworks */,
				AF08F2C617A9B5C800DBF02A /* Foundation.framework in Frameworks */,
			);
			runOnlyForDeploymentPostprocessing = 0;
		};
/* End PBXFrameworksBuildPhase section */

/* Begin PBXGroup section */
		AF004C0F17AA9BA7002B3C8F /* Delegate */ = {
			isa = PBXGroup;
			children = (
				AF08F2AE17A9B5C800DBF02A /* AppDelegate.h */,
				AF08F2AF17A9B5C800DBF02A /* AppDelegate.m */,
			);
			name = Delegate;
			sourceTree = "<group>";
		};
		AF004C1017AA9BBC002B3C8F /* WebService */ = {
			isa = PBXGroup;
			children = (
				AFD4954517AD50FE004D5FF6 /* iOSRequest.m */,
				AFD4954617AD50FE004D5FF6 /* iOSRequest.h */,
			);
			name = WebService;
			sourceTree = "<group>";
		};
		AF08F29317A9B5C800DBF02A = {
			isa = PBXGroup;
			children = (
				AF08F2F817A9B86400DBF02A /* LinkedFrameworks */,
				AF08F2A517A9B5C800DBF02A /* MapViews */,
				AF08F2C917A9B5C800DBF02A /* MapViewsTests */,
				AF08F29E17A9B5C800DBF02A /* Frameworks */,
				AF08F29D17A9B5C800DBF02A /* Products */,
			);
			sourceTree = "<group>";
		};
		AF08F29D17A9B5C800DBF02A /* Products */ = {
			isa = PBXGroup;
			children = (
				AF08F29C17A9B5C800DBF02A /* MapViews.app */,
				AF08F2C217A9B5C800DBF02A /* MapViewsTests.octest */,
			);
			name = Products;
			sourceTree = "<group>";
		};
		AF08F29E17A9B5C800DBF02A /* Frameworks */ = {
			isa = PBXGroup;
			children = (
				AF08F2DE17A9B73400DBF02A /* GoogleMaps.bundle */,
				AF08F2DC17A9B6DE00DBF02A /* GoogleMaps.framework */,
				AF08F29F17A9B5C800DBF02A /* UIKit.framework */,
				AF08F2A117A9B5C800DBF02A /* Foundation.framework */,
				AF08F2A317A9B5C800DBF02A /* CoreGraphics.framework */,
				AF08F2C317A9B5C800DBF02A /* SenTestingKit.framework */,
			);
			name = Frameworks;
			sourceTree = "<group>";
		};
		AF08F2A517A9B5C800DBF02A /* MapViews */ = {
			isa = PBXGroup;
			children = (
				AFD4953017AD4C5A004D5FF6 /* DetailViewController.h */,
				AFD4953117AD4C5A004D5FF6 /* MasterViewController.m */,
				AFD4953217AD4C5A004D5FF6 /* DetailViewController.m */,
				AFD4953317AD4C5A004D5FF6 /* Notification.m */,
				AFD4953417AD4C5A004D5FF6 /* MasterViewController.h */,
				AFD4953517AD4C5A004D5FF6 /* Notification.h */,
				AFD4953617AD4C5A004D5FF6 /* NotificationsDataController.h */,
				AFD4953717AD4C5A004D5FF6 /* NotificationsDataController.m */,
				AFD4953817AD4C5A004D5FF6 /* NSString+WebService.h */,
				AFD4953917AD4C5A004D5FF6 /* NSString+WebService.m */,
				AFD494BB17AD488D004D5FF6 /* Notification */,
				AFD494BA17AD4880004D5FF6 /* HomeView */,
				AF004C1017AA9BBC002B3C8F /* WebService */,
				AF004C0F17AA9BA7002B3C8F /* Delegate */,
				AF08F2A617A9B5C800DBF02A /* Supporting Files */,
			);
			path = MapViews;
			sourceTree = "<group>";
		};
		AF08F2A617A9B5C800DBF02A /* Supporting Files */ = {
			isa = PBXGroup;
			children = (
				AFB7773A17AAE97F009D5A65 /* power.png */,
				AF004BEE17AA7368002B3C8F /* startMarker.png */,
				AF004BEC17A9E025002B3C8F /* user_highlight.png */,
				AF004BEA17A9DF0B002B3C8F /* user.png */,
				AF004BE617A9CC25002B3C8F /* settings.png */,
				AF08F2A717A9B5C800DBF02A /* MapViews-Info.plist */,
				AF08F2A817A9B5C800DBF02A /* InfoPlist.strings */,
				AF08F2AB17A9B5C800DBF02A /* main.m */,
				AF08F2AD17A9B5C800DBF02A /* MapViews-Prefix.pch */,
				AF08F2B117A9B5C800DBF02A /* Default.png */,
				AF08F2B317A9B5C800DBF02A /* Default@2x.png */,
				AF08F2B517A9B5C800DBF02A /* Default-568h@2x.png */,
			);
			name = "Supporting Files";
			sourceTree = "<group>";
		};
		AF08F2C917A9B5C800DBF02A /* MapViewsTests */ = {
			isa = PBXGroup;
			children = (
				AF08F2CF17A9B5C900DBF02A /* MapViewsTests.h */,
				AF08F2D017A9B5C900DBF02A /* MapViewsTests.m */,
				AF08F2CA17A9B5C800DBF02A /* Supporting Files */,
			);
			path = MapViewsTests;
			sourceTree = "<group>";
		};
		AF08F2CA17A9B5C800DBF02A /* Supporting Files */ = {
			isa = PBXGroup;
			children = (
				AF08F2CB17A9B5C800DBF02A /* MapViewsTests-Info.plist */,
				AF08F2CC17A9B5C800DBF02A /* InfoPlist.strings */,
			);
			name = "Supporting Files";
			sourceTree = "<group>";
		};
		AF08F2F817A9B86400DBF02A /* LinkedFrameworks */ = {
			isa = PBXGroup;
			children = (
				AF08F2F017A9B7CF00DBF02A /* libz.dylib */,
				AF08F2EE17A9B7B100DBF02A /* libicucore.dylib */,
				AF08F2EC17A9B79900DBF02A /* libc++.dylib */,
				AF08F2F617A9B7EF00DBF02A /* SystemConfiguration.framework */,
				AF08F2F417A9B7E500DBF02A /* QuartzCore.framework */,
				AF08F2F217A9B7DE00DBF02A /* OpenGLES.framework */,
				AF08F2EA17A9B78700DBF02A /* ImageIO.framework */,
				AF08F2E817A9B78200DBF02A /* GLKit.framework */,
				AF08F2E617A9B77A00DBF02A /* CoreText.framework */,
				AF08F2E417A9B77300DBF02A /* CoreLocation.framework */,
				AF08F2E217A9B76D00DBF02A /* CoreData.framework */,
				AF08F2E017A9B76700DBF02A /* AVFoundation.framework */,
			);
			name = LinkedFrameworks;
			sourceTree = "<group>";
		};
		AFD494BA17AD4880004D5FF6 /* HomeView */ = {
			isa = PBXGroup;
			children = (
				AF08F2B717A9B5C800DBF02A /* ViewController.h */,
				AF08F2B817A9B5C800DBF02A /* ViewController.m */,
				AF08F2BA17A9B5C800DBF02A /* ViewController.xib */,
			);
			name = HomeView;
			sourceTree = "<group>";
		};
		AFD494BB17AD488D004D5FF6 /* Notification */ = {
			isa = PBXGroup;
			children = (
				AFD494B817AD4873004D5FF6 /* NotificationStoryBoard.storyboard */,
			);
			name = Notification;
			sourceTree = "<group>";
		};
/* End PBXGroup section */

/* Begin PBXNativeTarget section */
		AF08F29B17A9B5C800DBF02A /* MapViews */ = {
			isa = PBXNativeTarget;
			buildConfigurationList = AF08F2D417A9B5C900DBF02A /* Build configuration list for PBXNativeTarget "MapViews" */;
			buildPhases = (
				AF08F29817A9B5C800DBF02A /* Sources */,
				AF08F29917A9B5C800DBF02A /* Frameworks */,
				AF08F29A17A9B5C800DBF02A /* Resources */,
			);
			buildRules = (
			);
			dependencies = (
			);
			name = MapViews;
			productName = MapViews;
			productReference = AF08F29C17A9B5C800DBF02A /* MapViews.app */;
			productType = "com.apple.product-type.application";
		};
		AF08F2C117A9B5C800DBF02A /* MapViewsTests */ = {
			isa = PBXNativeTarget;
			buildConfigurationList = AF08F2D717A9B5C900DBF02A /* Build configuration list for PBXNativeTarget "MapViewsTests" */;
			buildPhases = (
				AF08F2BD17A9B5C800DBF02A /* Sources */,
				AF08F2BE17A9B5C800DBF02A /* Frameworks */,
				AF08F2BF17A9B5C800DBF02A /* Resources */,
				AF08F2C017A9B5C800DBF02A /* ShellScript */,
			);
			buildRules = (
			);
			dependencies = (
				AF08F2C817A9B5C800DBF02A /* PBXTargetDependency */,
			);
			name = MapViewsTests;
			productName = MapViewsTests;
			productReference = AF08F2C217A9B5C800DBF02A /* MapViewsTests.octest */;
			productType = "com.apple.product-type.bundle";
		};
/* End PBXNativeTarget section */

/* Begin PBXProject section */
		AF08F29417A9B5C800DBF02A /* Project object */ = {
			isa = PBXProject;
			attributes = {
				LastUpgradeCheck = 0460;
				ORGANIZATIONNAME = Self;
			};
			buildConfigurationList = AF08F29717A9B5C800DBF02A /* Build configuration list for PBXProject "MapViews" */;
			compatibilityVersion = "Xcode 3.2";
			developmentRegion = English;
			hasScannedForEncodings = 0;
			knownRegions = (
				en,
			);
			mainGroup = AF08F29317A9B5C800DBF02A;
			productRefGroup = AF08F29D17A9B5C800DBF02A /* Products */;
			projectDirPath = "";
			projectRoot = "";
			targets = (
				AF08F29B17A9B5C800DBF02A /* MapViews */,
				AF08F2C117A9B5C800DBF02A /* MapViewsTests */,
			);
		};
/* End PBXProject section */

/* Begin PBXResourcesBuildPhase section */
		AF08F29A17A9B5C800DBF02A /* Resources */ = {
			isa = PBXResourcesBuildPhase;
			buildActionMask = 2147483647;
			files = (
				AF08F2AA17A9B5C800DBF02A /* InfoPlist.strings in Resources */,
				AF08F2B217A9B5C800DBF02A /* Default.png in Resources */,
				AF08F2B417A9B5C800DBF02A /* Default@2x.png in Resources */,
				AF08F2B617A9B5C800DBF02A /* Default-568h@2x.png in Resources */,
				AF08F2BC17A9B5C800DBF02A /* ViewController.xib in Resources */,
				AF08F2DF17A9B73400DBF02A /* GoogleMaps.bundle in Resources */,
				AF004BE717A9CC25002B3C8F /* settings.png in Resources */,
				AF004BEB17A9DF0B002B3C8F /* user.png in Resources */,
				AF004BED17A9E025002B3C8F /* user_highlight.png in Resources */,
				AF004BEF17AA7368002B3C8F /* startMarker.png in Resources */,
				AFB7773B17AAE97F009D5A65 /* power.png in Resources */,
				AFD494B917AD4873004D5FF6 /* NotificationStoryBoard.storyboard in Resources */,
			);
			runOnlyForDeploymentPostprocessing = 0;
		};
		AF08F2BF17A9B5C800DBF02A /* Resources */ = {
			isa = PBXResourcesBuildPhase;
			buildActionMask = 2147483647;
			files = (
				AF08F2CE17A9B5C900DBF02A /* InfoPlist.strings in Resources */,
			);
			runOnlyForDeploymentPostprocessing = 0;
		};
/* End PBXResourcesBuildPhase section */

/* Begin PBXShellScriptBuildPhase section */
		AF08F2C017A9B5C800DBF02A /* ShellScript */ = {
			isa = PBXShellScriptBuildPhase;
			buildActionMask = 2147483647;
			files = (
			);
			inputPaths = (
			);
			outputPaths = (
			);
			runOnlyForDeploymentPostprocessing = 0;
			shellPath = /bin/sh;
			shellScript = "# Run the unit tests in this test bundle.\n\"${SYSTEM_DEVELOPER_DIR}/Tools/RunUnitTests\"\n";
		};
/* End PBXShellScriptBuildPhase section */

/* Begin PBXSourcesBuildPhase section */
		AF08F29817A9B5C800DBF02A /* Sources */ = {
			isa = PBXSourcesBuildPhase;
			buildActionMask = 2147483647;
			files = (
				AF08F2AC17A9B5C800DBF02A /* main.m in Sources */,
				AF08F2B017A9B5C800DBF02A /* AppDelegate.m in Sources */,
				AF08F2B917A9B5C800DBF02A /* ViewController.m in Sources */,
				AFD4953A17AD4C5A004D5FF6 /* MasterViewController.m in Sources */,
				AFD4953B17AD4C5A004D5FF6 /* DetailViewController.m in Sources */,
				AFD4953C17AD4C5A004D5FF6 /* Notification.m in Sources */,
				AFD4953D17AD4C5A004D5FF6 /* NotificationsDataController.m in Sources */,
				AFD4953E17AD4C5A004D5FF6 /* NSString+WebService.m in Sources */,
				AFD4954717AD50FE004D5FF6 /* iOSRequest.m in Sources */,
			);
			runOnlyForDeploymentPostprocessing = 0;
		};
		AF08F2BD17A9B5C800DBF02A /* Sources */ = {
			isa = PBXSourcesBuildPhase;
			buildActionMask = 2147483647;
			files = (
				AF08F2D117A9B5C900DBF02A /* MapViewsTests.m in Sources */,
			);
			runOnlyForDeploymentPostprocessing = 0;
		};
/* End PBXSourcesBuildPhase section */

/* Begin PBXTargetDependency section */
		AF08F2C817A9B5C800DBF02A /* PBXTargetDependency */ = {
			isa = PBXTargetDependency;
			target = AF08F29B17A9B5C800DBF02A /* MapViews */;
			targetProxy = AF08F2C717A9B5C800DBF02A /* PBXContainerItemProxy */;
		};
/* End PBXTargetDependency section */

/* Begin PBXVariantGroup section */
		AF08F2A817A9B5C800DBF02A /* InfoPlist.strings */ = {
			isa = PBXVariantGroup;
			children = (
				AF08F2A917A9B5C800DBF02A /* en */,
			);
			name = InfoPlist.strings;
			sourceTree = "<group>";
		};
		AF08F2BA17A9B5C800DBF02A /* ViewController.xib */ = {
			isa = PBXVariantGroup;
			children = (
				AF08F2BB17A9B5C800DBF02A /* en */,
			);
			name = ViewController.xib;
			sourceTree = "<group>";
		};
		AF08F2CC17A9B5C800DBF02A /* InfoPlist.strings */ = {
			isa = PBXVariantGroup;
			children = (
				AF08F2CD17A9B5C800DBF02A /* en */,
			);
			name = InfoPlist.strings;
			sourceTree = "<group>";
		};
/* End PBXVariantGroup section */

/* Begin XCBuildConfiguration section */
		AF08F2D217A9B5C900DBF02A /* Debug */ = {
			isa = XCBuildConfiguration;
			buildSettings = {
				ALWAYS_SEARCH_USER_PATHS = NO;
				CLANG_CXX_LANGUAGE_STANDARD = "gnu++0x";
				CLANG_CXX_LIBRARY = "libc++";
				CLANG_ENABLE_OBJC_ARC = YES;
				CLANG_WARN_CONSTANT_CONVERSION = YES;
				CLANG_WARN_EMPTY_BODY = YES;
				CLANG_WARN_ENUM_CONVERSION = YES;
				CLANG_WARN_INT_CONVERSION = YES;
				CLANG_WARN__DUPLICATE_METHOD_MATCH = YES;
				"CODE_SIGN_IDENTITY[sdk=iphoneos*]" = "iPhone Developer";
				COPY_PHASE_STRIP = NO;
				GCC_C_LANGUAGE_STANDARD = gnu99;
				GCC_DYNAMIC_NO_PIC = NO;
				GCC_OPTIMIZATION_LEVEL = 0;
				GCC_PREPROCESSOR_DEFINITIONS = (
					"DEBUG=1",
					"$(inherited)",
				);
				GCC_SYMBOLS_PRIVATE_EXTERN = NO;
				GCC_WARN_ABOUT_RETURN_TYPE = YES;
				GCC_WARN_UNINITIALIZED_AUTOS = YES;
				GCC_WARN_UNUSED_VARIABLE = YES;
				IPHONEOS_DEPLOYMENT_TARGET = 6.1;
				ONLY_ACTIVE_ARCH = YES;
				SDKROOT = iphoneos;
			};
			name = Debug;
		};
		AF08F2D317A9B5C900DBF02A /* Release */ = {
			isa = XCBuildConfiguration;
			buildSettings = {
				ALWAYS_SEARCH_USER_PATHS = NO;
				CLANG_CXX_LANGUAGE_STANDARD = "gnu++0x";
				CLANG_CXX_LIBRARY = "libc++";
				CLANG_ENABLE_OBJC_ARC = YES;
				CLANG_WARN_CONSTANT_CONVERSION = YES;
				CLANG_WARN_EMPTY_BODY = YES;
				CLANG_WARN_ENUM_CONVERSION = YES;
				CLANG_WARN_INT_CONVERSION = YES;
				CLANG_WARN__DUPLICATE_METHOD_MATCH = YES;
				"CODE_SIGN_IDENTITY[sdk=iphoneos*]" = "iPhone Developer";
				COPY_PHASE_STRIP = YES;
				GCC_C_LANGUAGE_STANDARD = gnu99;
				GCC_WARN_ABOUT_RETURN_TYPE = YES;
				GCC_WARN_UNINITIALIZED_AUTOS = YES;
				GCC_WARN_UNUSED_VARIABLE = YES;
				IPHONEOS_DEPLOYMENT_TARGET = 6.1;
				OTHER_CFLAGS = "-DNS_BLOCK_ASSERTIONS=1";
				SDKROOT = iphoneos;
				VALIDATE_PRODUCT = YES;
			};
			name = Release;
		};
		AF08F2D517A9B5C900DBF02A /* Debug */ = {
			isa = XCBuildConfiguration;
			buildSettings = {
				ARCHS = armv7;
				FRAMEWORK_SEARCH_PATHS = (
					"$(inherited)",
					"\"$(SRCROOT)/../../../../../../../../../../../Downloads/GoogleMaps-iOS-1.4.0\"",
					"\"$(SRCROOT)\"",
					"\"$(SRCROOT)/MapViews/NotificationView\"",
				);
				GCC_PRECOMPILE_PREFIX_HEADER = YES;
				GCC_PREFIX_HEADER = "MapViews/MapViews-Prefix.pch";
				INFOPLIST_FILE = "MapViews/MapViews-Info.plist";
				OTHER_LDFLAGS = "-ObjC";
				PRODUCT_NAME = "$(TARGET_NAME)";
				WRAPPER_EXTENSION = app;
			};
			name = Debug;
		};
		AF08F2D617A9B5C900DBF02A /* Release */ = {
			isa = XCBuildConfiguration;
			buildSettings = {
				ARCHS = armv7;
				FRAMEWORK_SEARCH_PATHS = (
					"$(inherited)",
					"\"$(SRCROOT)/../../../../../../../../../../../Downloads/GoogleMaps-iOS-1.4.0\"",
					"\"$(SRCROOT)\"",
					"\"$(SRCROOT)/MapViews/NotificationView\"",
				);
				GCC_PRECOMPILE_PREFIX_HEADER = YES;
				GCC_PREFIX_HEADER = "MapViews/MapViews-Prefix.pch";
				INFOPLIST_FILE = "MapViews/MapViews-Info.plist";
				OTHER_LDFLAGS = "-ObjC";
				PRODUCT_NAME = "$(TARGET_NAME)";
				WRAPPER_EXTENSION = app;
			};
			name = Release;
		};
		AF08F2D817A9B5C900DBF02A /* Debug */ = {
			isa = XCBuildConfiguration;
			buildSettings = {
				BUNDLE_LOADER = "$(BUILT_PRODUCTS_DIR)/MapViews.app/MapViews";
				FRAMEWORK_SEARCH_PATHS = (
					"\"$(SDKROOT)/Developer/Library/Frameworks\"",
					"\"$(DEVELOPER_LIBRARY_DIR)/Frameworks\"",
				);
				GCC_PRECOMPILE_PREFIX_HEADER = YES;
				GCC_PREFIX_HEADER = "MapViews/MapViews-Prefix.pch";
				INFOPLIST_FILE = "MapViewsTests/MapViewsTests-Info.plist";
				PRODUCT_NAME = "$(TARGET_NAME)";
				TEST_HOST = "$(BUNDLE_LOADER)";
				WRAPPER_EXTENSION = octest;
			};
			name = Debug;
		};
		AF08F2D917A9B5C900DBF02A /* Release */ = {
			isa = XCBuildConfiguration;
			buildSettings = {
				BUNDLE_LOADER = "$(BUILT_PRODUCTS_DIR)/MapViews.app/MapViews";
				FRAMEWORK_SEARCH_PATHS = (
					"\"$(SDKROOT)/Developer/Library/Frameworks\"",
					"\"$(DEVELOPER_LIBRARY_DIR)/Frameworks\"",
				);
				GCC_PRECOMPILE_PREFIX_HEADER = YES;
				GCC_PREFIX_HEADER = "MapViews/MapViews-Prefix.pch";
				INFOPLIST_FILE = "MapViewsTests/MapViewsTests-Info.plist";
				PRODUCT_NAME = "$(TARGET_NAME)";
				TEST_HOST = "$(BUNDLE_LOADER)";
				WRAPPER_EXTENSION = octest;
			};
			name = Release;
		};
/* End XCBuildConfiguration section */

/* Begin XCConfigurationList section */
		AF08F29717A9B5C800DBF02A /* Build configuration list for PBXProject "MapViews" */ = {
			isa = XCConfigurationList;
			buildConfigurations = (
				AF08F2D217A9B5C900DBF02A /* Debug */,
				AF08F2D317A9B5C900DBF02A /* Release */,
			);
			defaultConfigurationIsVisible = 0;
			defaultConfigurationName = Release;
		};
		AF08F2D417A9B5C900DBF02A /* Build configuration list for PBXNativeTarget "MapViews" */ = {
			isa = XCConfigurationList;
			buildConfigurations = (
				AF08F2D517A9B5C900DBF02A /* Debug */,
				AF08F2D617A9B5C900DBF02A /* Release */,
			);
			defaultConfigurationIsVisible = 0;
			defaultConfigurationName = Release;
		};
		AF08F2D717A9B5C900DBF02A /* Build configuration list for PBXNativeTarget "MapViewsTests" */ = {
			isa = XCConfigurationList;
			buildConfigurations = (
				AF08F2D817A9B5C900DBF02A /* Debug */,
				AF08F2D917A9B5C900DBF02A /* Release */,
			);
			defaultConfigurationIsVisible = 0;
			defaultConfigurationName = Release;
		};
/* End XCConfigurationList section */
	};
	rootObject = AF08F29417A9B5C800DBF02A /* Project object */;
}
